
Microsoft Visual Studio Solution File, Format Version 12.00
# Visual Studio Version 17
VisualStudioVersion = 17.5.002.0
MinimumVisualStudioVersion = 10.0.40219.1
Project("{9A19103F-16F7-4668-BE54-9A1E7A4F7556}") = "MvcMovie", "MvcMovie.csproj", "{D63458DA-6357-4281-847D-A6A82CD17767}"
EndProject
Global
	GlobalSection(SolutionConfigurationPlatforms) = preSolution
		Debug|Any CPU = Debug|Any CPU
		Release|Any CPU = Release|Any CPU
	EndGlobalSection
	GlobalSection(ProjectConfigurationPlatforms) = postSolution
		{D63458DA-6357-4281-847D-A6A82CD17767}.Debug|Any CPU.ActiveCfg = Debug|Any CPU
		{D63458DA-6357-4281-847D-A6A82CD17767}.Debug|Any CPU.Build.0 = Debug|Any CPU
		{D63458DA-6357-4281-847D-A6A82CD17767}.Release|Any CPU.ActiveCfg = Release|Any CPU
		{D63458DA-6357-4281-847D-A6A82CD17767}.Release|Any CPU.Build.0 = Release|Any CPU
	EndGlobalSection
	GlobalSection(SolutionProperties) = preSolution
		HideSolutionNode = FALSE
	EndGlobalSection
	GlobalSection(ExtensibilityGlobals) = postSolution
		SolutionGuid = {6D4D6AD0-5512-431C-B044-CF9727BC77DD}
	EndGlobalSection
EndGlobal
